
Microsoft Visual Studio Solution File, Format Version 12.00
# Visual Studio Version 17
VisualStudioVersion = 17.10.34928.147
MinimumVisualStudioVersion = 10.0.40219.1
Project("{FAE04EC0-301F-11D3-BF4B-00C04F79EFBC}") = "Padrao_Repository", "Padrao_Repository.csproj", "{74C643A8-2623-4BA8-95A2-C1A85D162AA4}"
EndProject
Global
	GlobalSection(SolutionConfigurationPlatforms) = preSolution
		Debug|Any CPU = Debug|Any CPU
		Release|Any CPU = Release|Any CPU
	EndGlobalSection
	GlobalSection(ProjectConfigurationPlatforms) = postSolution
		{74C643A8-2623-4BA8-95A2-C1A85D162AA4}.Debug|Any CPU.ActiveCfg = Debug|Any CPU
		{74C643A8-2623-4BA8-95A2-C1A85D162AA4}.Debug|Any CPU.Build.0 = Debug|Any CPU
		{74C643A8-2623-4BA8-95A2-C1A85D162AA4}.Release|Any CPU.ActiveCfg = Release|Any CPU
		{74C643A8-2623-4BA8-95A2-C1A85D162AA4}.Release|Any CPU.Build.0 = Release|Any CPU
	EndGlobalSection
	GlobalSection(SolutionProperties) = preSolution
		HideSolutionNode = FALSE
	EndGlobalSection
	GlobalSection(ExtensibilityGlobals) = postSolution
		SolutionGuid = {9E5E0123-7FF0-4E49-81A0-C9B0179A6354}
	EndGlobalSection
EndGlobal
